﻿
Microsoft Visual Studio Solution File, Format Version 12.00
# Visual Studio Version 17
VisualStudioVersion = 17.0.31903.59
MinimumVisualStudioVersion = 10.0.40219.1
Project("{FAE04EC0-301F-11D3-BF4B-00C04F79EFBC}") = "LoRaP2P.Radio.Rfm9x", "src\LoRaP2P.Radio.Rfm9x\LoRaP2P.Radio.Rfm9x.csproj", "{17B61A76-8FE8-4BB6-A44D-CB909EE74947}"
EndProject
Project("{FAE04EC0-301F-11D3-BF4B-00C04F79EFBC}") = "LoRaP2P.Radio.Rfm9x.Tests", "tests\LoRaP2P.Radio.Rfm9x.Tests\LoRaP2P.Radio.Rfm9x.Tests.csproj", "{1D06DF5F-4F57-4499-99A0-EBA02BB3C92A}"
EndProject
Project("{FAE04EC0-301F-11D3-BF4B-00C04F79EFBC}") = "LoRaP2P.Console", "src\LoRaP2P.Console\LoRaP2P.Console.csproj", "{98F3D43B-4EC1-4FBD-AD53-CB971705A703}"
EndProject
Project("{2150E333-8FDC-42A3-9474-1A3956D46DE8}") = "src", "src", "{827E0CD3-B72D-47B6-A68D-7590B98EB39B}"
EndProject
Global
	GlobalSection(SolutionConfigurationPlatforms) = preSolution
		Debug|Any CPU = Debug|Any CPU
		Debug|x64 = Debug|x64
		Debug|x86 = Debug|x86
		Release|Any CPU = Release|Any CPU
		Release|x64 = Release|x64
		Release|x86 = Release|x86
	EndGlobalSection
	GlobalSection(ProjectConfigurationPlatforms) = postSolution
		{17B61A76-8FE8-4BB6-A44D-CB909EE74947}.Debug|Any CPU.ActiveCfg = Debug|Any CPU
		{17B61A76-8FE8-4BB6-A44D-CB909EE74947}.Debug|Any CPU.Build.0 = Debug|Any CPU
		{17B61A76-8FE8-4BB6-A44D-CB909EE74947}.Debug|x64.ActiveCfg = Debug|Any CPU
		{17B61A76-8FE8-4BB6-A44D-CB909EE74947}.Debug|x64.Build.0 = Debug|Any CPU
		{17B61A76-8FE8-4BB6-A44D-CB909EE74947}.Debug|x86.ActiveCfg = Debug|Any CPU
		{17B61A76-8FE8-4BB6-A44D-CB909EE74947}.Debug|x86.Build.0 = Debug|Any CPU
		{17B61A76-8FE8-4BB6-A44D-CB909EE74947}.Release|Any CPU.ActiveCfg = Release|Any CPU
		{17B61A76-8FE8-4BB6-A44D-CB909EE74947}.Release|Any CPU.Build.0 = Release|Any CPU
		{17B61A76-8FE8-4BB6-A44D-CB909EE74947}.Release|x64.ActiveCfg = Release|Any CPU
		{17B61A76-8FE8-4BB6-A44D-CB909EE74947}.Release|x64.Build.0 = Release|Any CPU
		{17B61A76-8FE8-4BB6-A44D-CB909EE74947}.Release|x86.ActiveCfg = Release|Any CPU
		{17B61A76-8FE8-4BB6-A44D-CB909EE74947}.Release|x86.Build.0 = Release|Any CPU
		{1D06DF5F-4F57-4499-99A0-EBA02BB3C92A}.Debug|Any CPU.ActiveCfg = Debug|Any CPU
		{1D06DF5F-4F57-4499-99A0-EBA02BB3C92A}.Debug|Any CPU.Build.0 = Debug|Any CPU
		{1D06DF5F-4F57-4499-99A0-EBA02BB3C92A}.Debug|x64.ActiveCfg = Debug|Any CPU
		{1D06DF5F-4F57-4499-99A0-EBA02BB3C92A}.Debug|x64.Build.0 = Debug|Any CPU
		{1D06DF5F-4F57-4499-99A0-EBA02BB3C92A}.Debug|x86.ActiveCfg = Debug|Any CPU
		{1D06DF5F-4F57-4499-99A0-EBA02BB3C92A}.Debug|x86.Build.0 = Debug|Any CPU
		{1D06DF5F-4F57-4499-99A0-EBA02BB3C92A}.Release|Any CPU.ActiveCfg = Release|Any CPU
		{1D06DF5F-4F57-4499-99A0-EBA02BB3C92A}.Release|Any CPU.Build.0 = Release|Any CPU
		{1D06DF5F-4F57-4499-99A0-EBA02BB3C92A}.Release|x64.ActiveCfg = Release|Any CPU
		{1D06DF5F-4F57-4499-99A0-EBA02BB3C92A}.Release|x64.Build.0 = Release|Any CPU
		{1D06DF5F-4F57-4499-99A0-EBA02BB3C92A}.Release|x86.ActiveCfg = Release|Any CPU
		{1D06DF5F-4F57-4499-99A0-EBA02BB3C92A}.Release|x86.Build.0 = Release|Any CPU
		{98F3D43B-4EC1-4FBD-AD53-CB971705A703}.Debug|Any CPU.ActiveCfg = Debug|Any CPU
		{98F3D43B-4EC1-4FBD-AD53-CB971705A703}.Debug|Any CPU.Build.0 = Debug|Any CPU
		{98F3D43B-4EC1-4FBD-AD53-CB971705A703}.Debug|x64.ActiveCfg = Debug|Any CPU
		{98F3D43B-4EC1-4FBD-AD53-CB971705A703}.Debug|x64.Build.0 = Debug|Any CPU
		{98F3D43B-4EC1-4FBD-AD53-CB971705A703}.Debug|x86.ActiveCfg = Debug|Any CPU
		{98F3D43B-4EC1-4FBD-AD53-CB971705A703}.Debug|x86.Build.0 = Debug|Any CPU
		{98F3D43B-4EC1-4FBD-AD53-CB971705A703}.Release|Any CPU.ActiveCfg = Release|Any CPU
		{98F3D43B-4EC1-4FBD-AD53-CB971705A703}.Release|Any CPU.Build.0 = Release|Any CPU
		{98F3D43B-4EC1-4FBD-AD53-CB971705A703}.Release|x64.ActiveCfg = Release|Any CPU
		{98F3D43B-4EC1-4FBD-AD53-CB971705A703}.Release|x64.Build.0 = Release|Any CPU
		{98F3D43B-4EC1-4FBD-AD53-CB971705A703}.Release|x86.ActiveCfg = Release|Any CPU
		{98F3D43B-4EC1-4FBD-AD53-CB971705A703}.Release|x86.Build.0 = Release|Any CPU
	EndGlobalSection
	GlobalSection(SolutionProperties) = preSolution
		HideSolutionNode = FALSE
	EndGlobalSection
EndGlobal
